
Microsoft Visual Studio Solution File, Format Version 12.00
# Visual Studio Version 16
VisualStudioVersion = 16.0.31729.503
MinimumVisualStudioVersion = 10.0.40219.1
Project("{9A19103F-16F7-4668-BE54-9A1E7A4F7556}") = "EDPFinal", "EDPFinal.csproj", "{B6D94021-2AA1-495E-A63C-145EDCF8C8A7}"
EndProject
Global
	GlobalSection(SolutionConfigurationPlatforms) = preSolution
		Debug|Any CPU = Debug|Any CPU
		Release|Any CPU = Release|Any CPU
	EndGlobalSection
	GlobalSection(ProjectConfigurationPlatforms) = postSolution
		{B6D94021-2AA1-495E-A63C-145EDCF8C8A7}.Debug|Any CPU.ActiveCfg = Debug|Any CPU
		{B6D94021-2AA1-495E-A63C-145EDCF8C8A7}.Debug|Any CPU.Build.0 = Debug|Any CPU
		{B6D94021-2AA1-495E-A63C-145EDCF8C8A7}.Release|Any CPU.ActiveCfg = Release|Any CPU
		{B6D94021-2AA1-495E-A63C-145EDCF8C8A7}.Release|Any CPU.Build.0 = Release|Any CPU
	EndGlobalSection
	GlobalSection(SolutionProperties) = preSolution
		HideSolutionNode = FALSE
	EndGlobalSection
	GlobalSection(ExtensibilityGlobals) = postSolution
		SolutionGuid = {A567E870-E03E-4160-8610-C4F18E1AF7AE}
	EndGlobalSection
EndGlobal
